lockfileVersion: '9.0'

settings:
  autoInstallPeers: true
  excludeLinksFromLockfile: false

importers:

  frontend:
    dependencies:
      '@curatocv/platform-frontend':
        specifier: workspace:*
        version: link:../platform/frontend
      '@curatocv/resumebuilder-frontend':
        specifier: workspace:*
        version: link:../resumebuilder/frontend

  platform/backend: {}

  platform/frontend: {}
